// !$*UTF8*$!
{
	archiveVersion = 1;
	classes = {
	};
	objectVersion = 46;
	objects = {

/* Begin PBXBuildFile section */
		394D74081AC77ABE00B0FFEB /* LFActiveTripTestCase.m in Sources */ = {isa = PBXBuildFile; fileRef = 394D74071AC77ABE00B0FFEB /* LFActiveTripTestCase.m */; };
		394D740B1AC77B4500B0FFEB /* LFActiveTrip.m in Sources */ = {isa = PBXBuildFile; fileRef = 394D740A1AC77B4500B0FFEB /* LFActiveTrip.m */; };
		394D740E1AC7A18100B0FFEB /* LFTripsManager.m in Sources */ = {isa = PBXBuildFile; fileRef = 394D740D1AC7A18100B0FFEB /* LFTripsManager.m */; };
		394D74101AC7A30000B0FFEB /* LFTripsManagerTestCase.m in Sources */ = {isa = PBXBuildFile; fileRef = 394D740F1AC7A30000B0FFEB /* LFTripsManagerTestCase.m */; };
		3957CE981AC74DFC008AEBE2 /* main.m in Sources */ = {isa = PBXBuildFile; fileRef = 3957CE971AC74DFC008AEBE2 /* main.m */; };
		3957CE9B1AC74DFC008AEBE2 /* AppDelegate.m in Sources */ = {isa = PBXBuildFile; fileRef = 3957CE9A1AC74DFC008AEBE2 /* AppDelegate.m */; };
		3957CE9E1AC74DFC008AEBE2 /* TripHistory.xcdatamodeld in Sources */ = {isa = PBXBuildFile; fileRef = 3957CE9C1AC74DFC008AEBE2 /* TripHistory.xcdatamodeld */; };
		3957CEA41AC74DFC008AEBE2 /* Main.storyboard in Resources */ = {isa = PBXBuildFile; fileRef = 3957CEA21AC74DFC008AEBE2 /* Main.storyboard */; };
		3957CEA61AC74DFC008AEBE2 /* Images.xcassets in Resources */ = {isa = PBXBuildFile; fileRef = 3957CEA51AC74DFC008AEBE2 /* Images.xcassets */; };
		3957CEA91AC74DFC008AEBE2 /* LaunchScreen.xib in Resources */ = {isa = PBXBuildFile; fileRef = 3957CEA71AC74DFC008AEBE2 /* LaunchScreen.xib */; };
		3957CEC01AC74EA4008AEBE2 /* LFActiveTripManager.m in Sources */ = {isa = PBXBuildFile; fileRef = 3957CEBF1AC74EA4008AEBE2 /* LFActiveTripManager.m */; };
		3957CEC31AC74EC4008AEBE2 /* LFLocationManager.m in Sources */ = {isa = PBXBuildFile; fileRef = 3957CEC21AC74EC4008AEBE2 /* LFLocationManager.m */; };
		3957CEC51AC74EDE008AEBE2 /* CoreLocation.framework in Frameworks */ = {isa = PBXBuildFile; fileRef = 3957CEC41AC74EDE008AEBE2 /* CoreLocation.framework */; };
		3957CED21AC752F6008AEBE2 /* NSError+LFExtensions.m in Sources */ = {isa = PBXBuildFile; fileRef = 3957CED11AC752F6008AEBE2 /* NSError+LFExtensions.m */; };
		3957CED41AC755AA008AEBE2 /* MapKit.framework in Frameworks */ = {isa = PBXBuildFile; fileRef = 3957CED31AC755AA008AEBE2 /* MapKit.framework */; };
		3957CED71AC758F7008AEBE2 /* LFTrip.m in Sources */ = {isa = PBXBuildFile; fileRef = 3957CED61AC758F7008AEBE2 /* LFTrip.m */; };
		396CCBEB1AC7C3B6005FBEE3 /* LFTripsListViewController.m in Sources */ = {isa = PBXBuildFile; fileRef = 396CCBEA1AC7C3B6005FBEE3 /* LFTripsListViewController.m */; };
		396CCBF11AC7C430005FBEE3 /* UITableView+LFExtensions.m in Sources */ = {isa = PBXBuildFile; fileRef = 396CCBF01AC7C430005FBEE3 /* UITableView+LFExtensions.m */; };
		396CCBF41AC7C687005FBEE3 /* UIColor+LFExtensions.m in Sources */ = {isa = PBXBuildFile; fileRef = 396CCBF31AC7C687005FBEE3 /* UIColor+LFExtensions.m */; };
		396CCBF71AC7CD65005FBEE3 /* NSNotification+LFTrip.m in Sources */ = {isa = PBXBuildFile; fileRef = 396CCBF61AC7CD65005FBEE3 /* NSNotification+LFTrip.m */; };
		396CCBFA1AC7CE92005FBEE3 /* NSNotification+NSError.m in Sources */ = {isa = PBXBuildFile; fileRef = 396CCBF91AC7CE92005FBEE3 /* NSNotification+NSError.m */; };
		396CCBFD1AC7D48B005FBEE3 /* LFTimeInterval.m in Sources */ = {isa = PBXBuildFile; fileRef = 396CCBFC1AC7D48B005FBEE3 /* LFTimeInterval.m */; };
		3970C9941AC85A2400062F64 /* LFTripCell.m in Sources */ = {isa = PBXBuildFile; fileRef = 3970C9931AC85A2400062F64 /* LFTripCell.m */; };
		3970C9A01AC8A27E00062F64 /* LFTripDetailViewController.m in Sources */ = {isa = PBXBuildFile; fileRef = 3970C99F1AC8A27E00062F64 /* LFTripDetailViewController.m */; };
		3970C9A21AC8A67B00062F64 /* LFTripDetailViewController.storyboard in Resources */ = {isa = PBXBuildFile; fileRef = 3970C9A11AC8A67B00062F64 /* LFTripDetailViewController.storyboard */; };
		3970C9AB1AC8A77000062F64 /* UIViewController+LFExtensions.m in Sources */ = {isa = PBXBuildFile; fileRef = 3970C9AA1AC8A77000062F64 /* UIViewController+LFExtensions.m */; };
		3970C9AE1AC8C27100062F64 /* LFTimeOfDayFormatter.m in Sources */ = {isa = PBXBuildFile; fileRef = 3970C9AD1AC8C27100062F64 /* LFTimeOfDayFormatter.m */; };
		399C7DA31AC76C3A007F2EE0 /* LFActiveTripManagerTestCase.m in Sources */ = {isa = PBXBuildFile; fileRef = 399C7DA11AC76C3A007F2EE0 /* LFActiveTripManagerTestCase.m */; };
		399C7DA41AC76C3A007F2EE0 /* LFLocationManagerTestCase.m in Sources */ = {isa = PBXBuildFile; fileRef = 399C7DA21AC76C3A007F2EE0 /* LFLocationManagerTestCase.m */; };
/* End PBXBuildFile section */

/* Begin PBXContainerItemProxy section */
		3957CEAF1AC74DFC008AEBE2 /* PBXContainerItemProxy */ = {
			isa = PBXContainerItemProxy;
			containerPortal = 3957CE8A1AC74DFC008AEBE2 /* Project object */;
			proxyType = 1;
			remoteGlobalIDString = 3957CE911AC74DFC008AEBE2;
			remoteInfo = TripHistory;
		};
/* End PBXContainerItemProxy section */

/* Begin PBXFileReference section */
		394D74071AC77ABE00B0FFEB /* LFActiveTripTestCase.m */ = {isa = PBXFileReference; fileEncoding = 4; lastKnownFileType = sourcecode.c.objc; path = LFActiveTripTestCase.m; sourceTree = "<group>"; };
		394D74091AC77B4500B0FFEB /* LFActiveTrip.h */ = {isa = PBXFileReference; fileEncoding = 4; lastKnownFileType = sourcecode.c.h; path = LFActiveTrip.h; sourceTree = "<group>"; };
		394D740A1AC77B4500B0FFEB /* LFActiveTrip.m */ = {isa = PBXFileReference; fileEncoding = 4; lastKnownFileType = sourcecode.c.objc; path = LFActiveTrip.m; sourceTree = "<group>"; };
		394D740C1AC7A18100B0FFEB /* LFTripsManager.h */ = {isa = PBXFileReference; fileEncoding = 4; lastKnownFileType = sourcecode.c.h; path = LFTripsManager.h; sourceTree = "<group>"; };
		394D740D1AC7A18100B0FFEB /* LFTripsManager.m */ = {isa = PBXFileReference; fileEncoding = 4; lastKnownFileType = sourcecode.c.objc; path = LFTripsManager.m; sourceTree = "<group>"; };
		394D740F1AC7A30000B0FFEB /* LFTripsManagerTestCase.m */ = {isa = PBXFileReference; fileEncoding = 4; lastKnownFileType = sourcecode.c.objc; path = LFTripsManagerTestCase.m; sourceTree = "<group>"; };
		394D74111AC7BC6800B0FFEB /* LFTripsManager+Protected.h */ = {isa = PBXFileReference; lastKnownFileType = sourcecode.c.h; path = "LFTripsManager+Protected.h"; sourceTree = "<group>"; };
		3957CE921AC74DFC008AEBE2 /* TripHistory.app */ = {isa = PBXFileReference; explicitFileType = wrapper.application; includeInIndex = 0; path = TripHistory.app; sourceTree = BUILT_PRODUCTS_DIR; };
		3957CE961AC74DFC008AEBE2 /* Info.plist */ = {isa = PBXFileReference; lastKnownFileType = text.plist.xml; path = Info.plist; sourceTree = "<group>"; };
		3957CE971AC74DFC008AEBE2 /* main.m */ = {isa = PBXFileReference; lastKnownFileType = sourcecode.c.objc; path = main.m; sourceTree = "<group>"; };
		3957CE991AC74DFC008AEBE2 /* AppDelegate.h */ = {isa = PBXFileReference; lastKnownFileType = sourcecode.c.h; path = AppDelegate.h; sourceTree = "<group>"; };
		3957CE9A1AC74DFC008AEBE2 /* AppDelegate.m */ = {isa = PBXFileReference; lastKnownFileType = sourcecode.c.objc; path = AppDelegate.m; sourceTree = "<group>"; };
		3957CE9D1AC74DFC008AEBE2 /* TripHistory.xcdatamodel */ = {isa = PBXFileReference; lastKnownFileType = wrapper.xcdatamodel; path = TripHistory.xcdatamodel; sourceTree = "<group>"; };
		3957CEA31AC74DFC008AEBE2 /* Base */ = {isa = PBXFileReference; lastKnownFileType = file.storyboard; name = Base; path = Base.lproj/Main.storyboard; sourceTree = "<group>"; };
		3957CEA51AC74DFC008AEBE2 /* Images.xcassets */ = {isa = PBXFileReference; lastKnownFileType = folder.assetcatalog; path = Images.xcassets; sourceTree = "<group>"; };
		3957CEA81AC74DFC008AEBE2 /* Base */ = {isa = PBXFileReference; lastKnownFileType = file.xib; name = Base; path = Base.lproj/LaunchScreen.xib; sourceTree = "<group>"; };
		3957CEAE1AC74DFC008AEBE2 /* TripHistoryTests.xctest */ = {isa = PBXFileReference; explicitFileType = wrapper.cfbundle; includeInIndex = 0; path = TripHistoryTests.xctest; sourceTree = BUILT_PRODUCTS_DIR; };
		3957CEB31AC74DFC008AEBE2 /* Info.plist */ = {isa = PBXFileReference; lastKnownFileType = text.plist.xml; path = Info.plist; sourceTree = "<group>"; };
		3957CEBE1AC74EA4008AEBE2 /* LFActiveTripManager.h */ = {isa = PBXFileReference; fileEncoding = 4; lastKnownFileType = sourcecode.c.h; path = LFActiveTripManager.h; sourceTree = "<group>"; };
		3957CEBF1AC74EA4008AEBE2 /* LFActiveTripManager.m */ = {isa = PBXFileReference; fileEncoding = 4; lastKnownFileType = sourcecode.c.objc; path = LFActiveTripManager.m; sourceTree = "<group>"; };
		3957CEC11AC74EC4008AEBE2 /* LFLocationManager.h */ = {isa = PBXFileReference; fileEncoding = 4; lastKnownFileType = sourcecode.c.h; path = LFLocationManager.h; sourceTree = "<group>"; };
		3957CEC21AC74EC4008AEBE2 /* LFLocationManager.m */ = {isa = PBXFileReference; fileEncoding = 4; lastKnownFileType = sourcecode.c.objc; path = LFLocationManager.m; sourceTree = "<group>"; };
		3957CEC41AC74EDE008AEBE2 /* CoreLocation.framework */ = {isa = PBXFileReference; lastKnownFileType = wrapper.framework; name = CoreLocation.framework; path = System/Library/Frameworks/CoreLocation.framework; sourceTree = SDKROOT; };
		3957CED01AC752F6008AEBE2 /* NSError+LFExtensions.h */ = {isa = PBXFileReference; fileEncoding = 4; lastKnownFileType = sourcecode.c.h; path = "NSError+LFExtensions.h"; sourceTree = "<group>"; };
		3957CED11AC752F6008AEBE2 /* NSError+LFExtensions.m */ = {isa = PBXFileReference; fileEncoding = 4; lastKnownFileType = sourcecode.c.objc; path = "NSError+LFExtensions.m"; sourceTree = "<group>"; };
		3957CED31AC755AA008AEBE2 /* MapKit.framework */ = {isa = PBXFileReference; lastKnownFileType = wrapper.framework; name = MapKit.framework; path = System/Library/Frameworks/MapKit.framework; sourceTree = SDKROOT; };
		3957CED51AC758F7008AEBE2 /* LFTrip.h */ = {isa = PBXFileReference; fileEncoding = 4; lastKnownFileType = sourcecode.c.h; path = LFTrip.h; sourceTree = "<group>"; };
		3957CED61AC758F7008AEBE2 /* LFTrip.m */ = {isa = PBXFileReference; fileEncoding = 4; lastKnownFileType = sourcecode.c.objc; path = LFTrip.m; sourceTree = "<group>"; };
		396CCBE91AC7C3B6005FBEE3 /* LFTripsListViewController.h */ = {isa = PBXFileReference; fileEncoding = 4; lastKnownFileType = sourcecode.c.h; path = LFTripsListViewController.h; sourceTree = "<group>"; };
		396CCBEA1AC7C3B6005FBEE3 /* LFTripsListViewController.m */ = {isa = PBXFileReference; fileEncoding = 4; lastKnownFileType = sourcecode.c.objc; path = LFTripsListViewController.m; sourceTree = "<group>"; };
		396CCBEF1AC7C430005FBEE3 /* UITableView+LFExtensions.h */ = {isa = PBXFileReference; fileEncoding = 4; lastKnownFileType = sourcecode.c.h; path = "UITableView+LFExtensions.h"; sourceTree = "<group>"; };
		396CCBF01AC7C430005FBEE3 /* UITableView+LFExtensions.m */ = {isa = PBXFileReference; fileEncoding = 4; lastKnownFileType = sourcecode.c.objc; path = "UITableView+LFExtensions.m"; sourceTree = "<group>"; };
		396CCBF21AC7C687005FBEE3 /* UIColor+LFExtensions.h */ = {isa = PBXFileReference; fileEncoding = 4; lastKnownFileType = sourcecode.c.h; path = "UIColor+LFExtensions.h"; sourceTree = "<group>"; };
		396CCBF31AC7C687005FBEE3 /* UIColor+LFExtensions.m */ = {isa = PBXFileReference; fileEncoding = 4; lastKnownFileType = sourcecode.c.objc; path = "UIColor+LFExtensions.m"; sourceTree = "<group>"; };
		396CCBF51AC7CD65005FBEE3 /* NSNotification+LFTrip.h */ = {isa = PBXFileReference; fileEncoding = 4; lastKnownFileType = sourcecode.c.h; path = "NSNotification+LFTrip.h"; sourceTree = "<group>"; };
		396CCBF61AC7CD65005FBEE3 /* NSNotification+LFTrip.m */ = {isa = PBXFileReference; fileEncoding = 4; lastKnownFileType = sourcecode.c.objc; path = "NSNotification+LFTrip.m"; sourceTree = "<group>"; };
		396CCBF81AC7CE92005FBEE3 /* NSNotification+NSError.h */ = {isa = PBXFileReference; fileEncoding = 4; lastKnownFileType = sourcecode.c.h; path = "NSNotification+NSError.h"; sourceTree = "<group>"; };
		396CCBF91AC7CE92005FBEE3 /* NSNotification+NSError.m */ = {isa = PBXFileReference; fileEncoding = 4; lastKnownFileType = sourcecode.c.objc; path = "NSNotification+NSError.m"; sourceTree = "<group>"; };
		396CCBFB1AC7D48B005FBEE3 /* LFTimeInterval.h */ = {isa = PBXFileReference; fileEncoding = 4; lastKnownFileType = sourcecode.c.h; path = LFTimeInterval.h; sourceTree = "<group>"; };
		396CCBFC1AC7D48B005FBEE3 /* LFTimeInterval.m */ = {isa = PBXFileReference; fileEncoding = 4; lastKnownFileType = sourcecode.c.objc; path = LFTimeInterval.m; sourceTree = "<group>"; };
		3970C9921AC85A2400062F64 /* LFTripCell.h */ = {isa = PBXFileReference; fileEncoding = 4; lastKnownFileType = sourcecode.c.h; path = LFTripCell.h; sourceTree = "<group>"; };
		3970C9931AC85A2400062F64 /* LFTripCell.m */ = {isa = PBXFileReference; fileEncoding = 4; lastKnownFileType = sourcecode.c.objc; path = LFTripCell.m; sourceTree = "<group>"; };
		3970C99E1AC8A27E00062F64 /* LFTripDetailViewController.h */ = {isa = PBXFileReference; fileEncoding = 4; lastKnownFileType = sourcecode.c.h; path = LFTripDetailViewController.h; sourceTree = "<group>"; };
		3970C99F1AC8A27E00062F64 /* LFTripDetailViewController.m */ = {isa = PBXFileReference; fileEncoding = 4; lastKnownFileType = sourcecode.c.objc; path = LFTripDetailViewController.m; sourceTree = "<group>"; };
		3970C9A11AC8A67B00062F64 /* LFTripDetailViewController.storyboard */ = {isa = PBXFileReference; fileEncoding = 4; lastKnownFileType = file.storyboard; path = LFTripDetailViewController.storyboard; sourceTree = "<group>"; };
		3970C9A91AC8A77000062F64 /* UIViewController+LFExtensions.h */ = {isa = PBXFileReference; fileEncoding = 4; lastKnownFileType = sourcecode.c.h; path = "UIViewController+LFExtensions.h"; sourceTree = "<group>"; };
		3970C9AA1AC8A77000062F64 /* UIViewController+LFExtensions.m */ = {isa = PBXFileReference; fileEncoding = 4; lastKnownFileType = sourcecode.c.objc; path = "UIViewController+LFExtensions.m"; sourceTree = "<group>"; };
		3970C9AC1AC8C27100062F64 /* LFTimeOfDayFormatter.h */ = {isa = PBXFileReference; fileEncoding = 4; lastKnownFileType = sourcecode.c.h; path = LFTimeOfDayFormatter.h; sourceTree = "<group>"; };
		3970C9AD1AC8C27100062F64 /* LFTimeOfDayFormatter.m */ = {isa = PBXFileReference; fileEncoding = 4; lastKnownFileType = sourcecode.c.objc; path = LFTimeOfDayFormatter.m; sourceTree = "<group>"; };
		399C7DA11AC76C3A007F2EE0 /* LFActiveTripManagerTestCase.m */ = {isa = PBXFileReference; fileEncoding = 4; lastKnownFileType = sourcecode.c.objc; path = LFActiveTripManagerTestCase.m; sourceTree = "<group>"; };
		399C7DA21AC76C3A007F2EE0 /* LFLocationManagerTestCase.m */ = {isa = PBXFileReference; fileEncoding = 4; lastKnownFileType = sourcecode.c.objc; path = LFLocationManagerTestCase.m; sourceTree = "<group>"; };
/* End PBXFileReference section */

/* Begin PBXFrameworksBuildPhase section */
		3957CE8F1AC74DFC008AEBE2 /* Frameworks */ = {
			isa = PBXFrameworksBuildPhase;
			buildActionMask = 2147483647;
			files = (
				3957CED41AC755AA008AEBE2 /* MapKit.framework in Frameworks */,
				3957CEC51AC74EDE008AEBE2 /* CoreLocation.framework in Frameworks */,
			);
			runOnlyForDeploymentPostprocessing = 0;
		};
		3957CEAB1AC74DFC008AEBE2 /* Frameworks */ = {
			isa = PBXFrameworksBuildPhase;
			buildActionMask = 2147483647;
			files = (
			);
			runOnlyForDeploymentPostprocessing = 0;
		};
/* End PBXFrameworksBuildPhase section */

/* Begin PBXGroup section */
		3957CE891AC74DFC008AEBE2 = {
			isa = PBXGroup;
			children = (
				3957CED31AC755AA008AEBE2 /* MapKit.framework */,
				3957CEC41AC74EDE008AEBE2 /* CoreLocation.framework */,
				3957CE941AC74DFC008AEBE2 /* TripHistory */,
				3957CEB11AC74DFC008AEBE2 /* TripHistoryTests */,
				3957CE931AC74DFC008AEBE2 /* Products */,
			);
			sourceTree = "<group>";
		};
		3957CE931AC74DFC008AEBE2 /* Products */ = {
			isa = PBXGroup;
			children = (
				3957CE921AC74DFC008AEBE2 /* TripHistory.app */,
				3957CEAE1AC74DFC008AEBE2 /* TripHistoryTests.xctest */,
			);
			name = Products;
			sourceTree = "<group>";
		};
		3957CE941AC74DFC008AEBE2 /* TripHistory */ = {
			isa = PBXGroup;
			children = (
				3957CEC91AC75076008AEBE2 /* Extensions */,
				396CCBFE1AC7D685005FBEE3 /* Models */,
				396CCBFF1AC7D6AA005FBEE3 /* Controllers */,
				3957CEA51AC74DFC008AEBE2 /* Images.xcassets */,
				3957CE9C1AC74DFC008AEBE2 /* TripHistory.xcdatamodeld */,
				3957CE951AC74DFC008AEBE2 /* Supporting Files */,
			);
			path = TripHistory;
			sourceTree = "<group>";
		};
		3957CE951AC74DFC008AEBE2 /* Supporting Files */ = {
			isa = PBXGroup;
			children = (
				3957CE961AC74DFC008AEBE2 /* Info.plist */,
				3957CE971AC74DFC008AEBE2 /* main.m */,
			);
			name = "Supporting Files";
			sourceTree = "<group>";
		};
		3957CEB11AC74DFC008AEBE2 /* TripHistoryTests */ = {
			isa = PBXGroup;
			children = (
				399C7DA11AC76C3A007F2EE0 /* LFActiveTripManagerTestCase.m */,
				399C7DA21AC76C3A007F2EE0 /* LFLocationManagerTestCase.m */,
				394D74071AC77ABE00B0FFEB /* LFActiveTripTestCase.m */,
				394D740F1AC7A30000B0FFEB /* LFTripsManagerTestCase.m */,
				3957CEB21AC74DFC008AEBE2 /* Supporting Files */,
			);
			path = TripHistoryTests;
			sourceTree = "<group>";
		};
		3957CEB21AC74DFC008AEBE2 /* Supporting Files */ = {
			isa = PBXGroup;
			children = (
				3957CEB31AC74DFC008AEBE2 /* Info.plist */,
			);
			name = "Supporting Files";
			sourceTree = "<group>";
		};
		3957CEC91AC75076008AEBE2 /* Extensions */ = {
			isa = PBXGroup;
			children = (
				3957CED01AC752F6008AEBE2 /* NSError+LFExtensions.h */,
				3957CED11AC752F6008AEBE2 /* NSError+LFExtensions.m */,
				396CCBEF1AC7C430005FBEE3 /* UITableView+LFExtensions.h */,
				396CCBF01AC7C430005FBEE3 /* UITableView+LFExtensions.m */,
				396CCBF21AC7C687005FBEE3 /* UIColor+LFExtensions.h */,
				396CCBF31AC7C687005FBEE3 /* UIColor+LFExtensions.m */,
				396CCBF51AC7CD65005FBEE3 /* NSNotification+LFTrip.h */,
				396CCBF61AC7CD65005FBEE3 /* NSNotification+LFTrip.m */,
				396CCBF81AC7CE92005FBEE3 /* NSNotification+NSError.h */,
				396CCBF91AC7CE92005FBEE3 /* NSNotification+NSError.m */,
				3970C9A91AC8A77000062F64 /* UIViewController+LFExtensions.h */,
				3970C9AA1AC8A77000062F64 /* UIViewController+LFExtensions.m */,
			);
			name = Extensions;
			sourceTree = "<group>";
		};
		396CCBFE1AC7D685005FBEE3 /* Models */ = {
			isa = PBXGroup;
			children = (
				396CCBFB1AC7D48B005FBEE3 /* LFTimeInterval.h */,
				396CCBFC1AC7D48B005FBEE3 /* LFTimeInterval.m */,
				394D740C1AC7A18100B0FFEB /* LFTripsManager.h */,
				394D74111AC7BC6800B0FFEB /* LFTripsManager+Protected.h */,
				394D740D1AC7A18100B0FFEB /* LFTripsManager.m */,
				3957CED51AC758F7008AEBE2 /* LFTrip.h */,
				3957CED61AC758F7008AEBE2 /* LFTrip.m */,
				394D74091AC77B4500B0FFEB /* LFActiveTrip.h */,
				394D740A1AC77B4500B0FFEB /* LFActiveTrip.m */,
				3957CEBE1AC74EA4008AEBE2 /* LFActiveTripManager.h */,
				3957CEBF1AC74EA4008AEBE2 /* LFActiveTripManager.m */,
				3957CEC11AC74EC4008AEBE2 /* LFLocationManager.h */,
				3957CEC21AC74EC4008AEBE2 /* LFLocationManager.m */,
				3970C9AC1AC8C27100062F64 /* LFTimeOfDayFormatter.h */,
				3970C9AD1AC8C27100062F64 /* LFTimeOfDayFormatter.m */,
			);
			name = Models;
			sourceTree = "<group>";
		};
		396CCBFF1AC7D6AA005FBEE3 /* Controllers */ = {
			isa = PBXGroup;
			children = (
				3957CEA21AC74DFC008AEBE2 /* Main.storyboard */,
				396CCBE91AC7C3B6005FBEE3 /* LFTripsListViewController.h */,
				396CCBEA1AC7C3B6005FBEE3 /* LFTripsListViewController.m */,
				3970C9921AC85A2400062F64 /* LFTripCell.h */,
				3970C9931AC85A2400062F64 /* LFTripCell.m */,
				3970C9A11AC8A67B00062F64 /* LFTripDetailViewController.storyboard */,
				3970C99E1AC8A27E00062F64 /* LFTripDetailViewController.h */,
				3970C99F1AC8A27E00062F64 /* LFTripDetailViewController.m */,
				3957CEA71AC74DFC008AEBE2 /* LaunchScreen.xib */,
				3957CE991AC74DFC008AEBE2 /* AppDelegate.h */,
				3957CE9A1AC74DFC008AEBE2 /* AppDelegate.m */,
			);
			name = Controllers;
			sourceTree = "<group>";
		};
/* End PBXGroup section */

/* Begin PBXNativeTarget section */
		3957CE911AC74DFC008AEBE2 /* TripHistory */ = {
			isa = PBXNativeTarget;
			buildConfigurationList = 3957CEB81AC74DFC008AEBE2 /* Build configuration list for PBXNativeTarget "TripHistory" */;
			buildPhases = (
				3957CE8E1AC74DFC008AEBE2 /* Sources */,
				3957CE8F1AC74DFC008AEBE2 /* Frameworks */,
				3957CE901AC74DFC008AEBE2 /* Resources */,
			);
			buildRules = (
			);
			dependencies = (
			);
			name = TripHistory;
			productName = TripHistory;
			productReference = 3957CE921AC74DFC008AEBE2 /* TripHistory.app */;
			productType = "com.apple.product-type.application";
		};
		3957CEAD1AC74DFC008AEBE2 /* TripHistoryTests */ = {
			isa = PBXNativeTarget;
			buildConfigurationList = 3957CEBB1AC74DFC008AEBE2 /* Build configuration list for PBXNativeTarget "TripHistoryTests" */;
			buildPhases = (
				3957CEAA1AC74DFC008AEBE2 /* Sources */,
				3957CEAB1AC74DFC008AEBE2 /* Frameworks */,
				3957CEAC1AC74DFC008AEBE2 /* Resources */,
			);
			buildRules = (
			);
			dependencies = (
				3957CEB01AC74DFC008AEBE2 /* PBXTargetDependency */,
			);
			name = TripHistoryTests;
			productName = TripHistoryTests;
			productReference = 3957CEAE1AC74DFC008AEBE2 /* TripHistoryTests.xctest */;
			productType = "com.apple.product-type.bundle.unit-test";
		};
/* End PBXNativeTarget section */

/* Begin PBXProject section */
		3957CE8A1AC74DFC008AEBE2 /* Project object */ = {
			isa = PBXProject;
			attributes = {
				LastUpgradeCheck = 0630;
				ORGANIZATIONNAME = Lyft;
				TargetAttributes = {
					3957CE911AC74DFC008AEBE2 = {
						CreatedOnToolsVersion = 6.3;
						SystemCapabilities = {
							com.apple.BackgroundModes = {
								enabled = 1;
							};
							com.apple.Maps.iOS = {
								enabled = 1;
							};
						};
					};
					3957CEAD1AC74DFC008AEBE2 = {
						CreatedOnToolsVersion = 6.3;
						TestTargetID = 3957CE911AC74DFC008AEBE2;
					};
				};
			};
			buildConfigurationList = 3957CE8D1AC74DFC008AEBE2 /* Build configuration list for PBXProject "TripHistory" */;
			compatibilityVersion = "Xcode 3.2";
			developmentRegion = English;
			hasScannedForEncodings = 0;
			knownRegions = (
				en,
				Base,
			);
			mainGroup = 3957CE891AC74DFC008AEBE2;
			productRefGroup = 3957CE931AC74DFC008AEBE2 /* Products */;
			projectDirPath = "";
			projectRoot = "";
			targets = (
				3957CE911AC74DFC008AEBE2 /* TripHistory */,
				3957CEAD1AC74DFC008AEBE2 /* TripHistoryTests */,
			);
		};
/* End PBXProject section */

/* Begin PBXResourcesBuildPhase section */
		3957CE901AC74DFC008AEBE2 /* Resources */ = {
			isa = PBXResourcesBuildPhase;
			buildActionMask = 2147483647;
			files = (
				3957CEA41AC74DFC008AEBE2 /* Main.storyboard in Resources */,
				3957CEA91AC74DFC008AEBE2 /* LaunchScreen.xib in Resources */,
				3957CEA61AC74DFC008AEBE2 /* Images.xcassets in Resources */,
				3970C9A21AC8A67B00062F64 /* LFTripDetailViewController.storyboard in Resources */,
			);
			runOnlyForDeploymentPostprocessing = 0;
		};
		3957CEAC1AC74DFC008AEBE2 /* Resources */ = {
			isa = PBXResourcesBuildPhase;
			buildActionMask = 2147483647;
			files = (
			);
			runOnlyForDeploymentPostprocessing = 0;
		};
/* End PBXResourcesBuildPhase section */

/* Begin PBXSourcesBuildPhase section */
		3957CE8E1AC74DFC008AEBE2 /* Sources */ = {
			isa = PBXSourcesBuildPhase;
			buildActionMask = 2147483647;
			files = (
				396CCBFD1AC7D48B005FBEE3 /* LFTimeInterval.m in Sources */,
				3957CEC31AC74EC4008AEBE2 /* LFLocationManager.m in Sources */,
				3957CE9B1AC74DFC008AEBE2 /* AppDelegate.m in Sources */,
				396CCBF41AC7C687005FBEE3 /* UIColor+LFExtensions.m in Sources */,
				396CCBEB1AC7C3B6005FBEE3 /* LFTripsListViewController.m in Sources */,
				396CCBF11AC7C430005FBEE3 /* UITableView+LFExtensions.m in Sources */,
				3970C9A01AC8A27E00062F64 /* LFTripDetailViewController.m in Sources */,
				396CCBFA1AC7CE92005FBEE3 /* NSNotification+NSError.m in Sources */,
				3970C9AB1AC8A77000062F64 /* UIViewController+LFExtensions.m in Sources */,
				396CCBF71AC7CD65005FBEE3 /* NSNotification+LFTrip.m in Sources */,
				3957CED21AC752F6008AEBE2 /* NSError+LFExtensions.m in Sources */,
				3970C9941AC85A2400062F64 /* LFTripCell.m in Sources */,
				3970C9AE1AC8C27100062F64 /* LFTimeOfDayFormatter.m in Sources */,
				3957CE9E1AC74DFC008AEBE2 /* TripHistory.xcdatamodeld in Sources */,
				3957CEC01AC74EA4008AEBE2 /* LFActiveTripManager.m in Sources */,
				394D740E1AC7A18100B0FFEB /* LFTripsManager.m in Sources */,
				3957CED71AC758F7008AEBE2 /* LFTrip.m in Sources */,
				3957CE981AC74DFC008AEBE2 /* main.m in Sources */,
				394D740B1AC77B4500B0FFEB /* LFActiveTrip.m in Sources */,
			);
			runOnlyForDeploymentPostprocessing = 0;
		};
		3957CEAA1AC74DFC008AEBE2 /* Sources */ = {
			isa = PBXSourcesBuildPhase;
			buildActionMask = 2147483647;
			files = (
				399C7DA41AC76C3A007F2EE0 /* LFLocationManagerTestCase.m in Sources */,
				394D74081AC77ABE00B0FFEB /* LFActiveTripTestCase.m in Sources */,
				394D74101AC7A30000B0FFEB /* LFTripsManagerTestCase.m in Sources */,
				399C7DA31AC76C3A007F2EE0 /* LFActiveTripManagerTestCase.m in Sources */,
			);
			runOnlyForDeploymentPostprocessing = 0;
		};
/* End PBXSourcesBuildPhase section */

/* Begin PBXTargetDependency section */
		3957CEB01AC74DFC008AEBE2 /* PBXTargetDependency */ = {
			isa = PBXTargetDependency;
			target = 3957CE911AC74DFC008AEBE2 /* TripHistory */;
			targetProxy = 3957CEAF1AC74DFC008AEBE2 /* PBXContainerItemProxy */;
		};
/* End PBXTargetDependency section */

/* Begin PBXVariantGroup section */
		3957CEA21AC74DFC008AEBE2 /* Main.storyboard */ = {
			isa = PBXVariantGroup;
			children = (
				3957CEA31AC74DFC008AEBE2 /* Base */,
			);
			name = Main.storyboard;
			sourceTree = "<group>";
		};
		3957CEA71AC74DFC008AEBE2 /* LaunchScreen.xib */ = {
			isa = PBXVariantGroup;
			children = (
				3957CEA81AC74DFC008AEBE2 /* Base */,
			);
			name = LaunchScreen.xib;
			sourceTree = "<group>";
		};
/* End PBXVariantGroup section */

/* Begin XCBuildConfiguration section */
		3957CEB61AC74DFC008AEBE2 /* Debug */ = {
			isa = XCBuildConfiguration;
			buildSettings = {
				ALWAYS_SEARCH_USER_PATHS = NO;
				CLANG_CXX_LANGUAGE_STANDARD = "gnu++0x";
				CLANG_CXX_LIBRARY = "libc++";
				CLANG_ENABLE_MODULES = YES;
				CLANG_ENABLE_OBJC_ARC = YES;
				CLANG_WARN_BOOL_CONVERSION = YES;
				CLANG_WARN_CONSTANT_CONVERSION = YES;
				CLANG_WARN_DIRECT_OBJC_ISA_USAGE = YES_ERROR;
				CLANG_WARN_EMPTY_BODY = YES;
				CLANG_WARN_ENUM_CONVERSION = YES;
				CLANG_WARN_INT_CONVERSION = YES;
				CLANG_WARN_OBJC_ROOT_CLASS = YES_ERROR;
				CLANG_WARN_UNREACHABLE_CODE = YES;
				CLANG_WARN__DUPLICATE_METHOD_MATCH = YES;
				"CODE_SIGN_IDENTITY[sdk=iphoneos*]" = "iPhone Developer";
				COPY_PHASE_STRIP = NO;
				DEBUG_INFORMATION_FORMAT = "dwarf-with-dsym";
				ENABLE_STRICT_OBJC_MSGSEND = YES;
				GCC_C_LANGUAGE_STANDARD = gnu99;
				GCC_DYNAMIC_NO_PIC = NO;
				GCC_NO_COMMON_BLOCKS = YES;
				GCC_OPTIMIZATION_LEVEL = 0;
				GCC_PREPROCESSOR_DEFINITIONS = (
					"DEBUG=1",
					"$(inherited)",
				);
				GCC_SYMBOLS_PRIVATE_EXTERN = NO;
				GCC_WARN_64_TO_32_BIT_CONVERSION = YES;
				GCC_WARN_ABOUT_RETURN_TYPE = YES_ERROR;
				GCC_WARN_UNDECLARED_SELECTOR = YES;
				GCC_WARN_UNINITIALIZED_AUTOS = YES_AGGRESSIVE;
				GCC_WARN_UNUSED_FUNCTION = YES;
				GCC_WARN_UNUSED_VARIABLE = YES;
				IPHONEOS_DEPLOYMENT_TARGET = 8.3;
				MTL_ENABLE_DEBUG_INFO = YES;
				ONLY_ACTIVE_ARCH = YES;
				SDKROOT = iphoneos;
				TARGETED_DEVICE_FAMILY = "1,2";
			};
			name = Debug;
		};
		3957CEB71AC74DFC008AEBE2 /* Release */ = {
			isa = XCBuildConfiguration;
			buildSettings = {
				ALWAYS_SEARCH_USER_PATHS = NO;
				CLANG_CXX_LANGUAGE_STANDARD = "gnu++0x";
				CLANG_CXX_LIBRARY = "libc++";
				CLANG_ENABLE_MODULES = YES;
				CLANG_ENABLE_OBJC_ARC = YES;
				CLANG_WARN_BOOL_CONVERSION = YES;
				CLANG_WARN_CONSTANT_CONVERSION = YES;
				CLANG_WARN_DIRECT_OBJC_ISA_USAGE = YES_ERROR;
				CLANG_WARN_EMPTY_BODY = YES;
				CLANG_WARN_ENUM_CONVERSION = YES;
				CLANG_WARN_INT_CONVERSION = YES;
				CLANG_WARN_OBJC_ROOT_CLASS = YES_ERROR;
				CLANG_WARN_UNREACHABLE_CODE = YES;
				CLANG_WARN__DUPLICATE_METHOD_MATCH = YES;
				"CODE_SIGN_IDENTITY[sdk=iphoneos*]" = "iPhone Developer";
				COPY_PHASE_STRIP = NO;
				DEBUG_INFORMATION_FORMAT = "dwarf-with-dsym";
				ENABLE_NS_ASSERTIONS = NO;
				ENABLE_STRICT_OBJC_MSGSEND = YES;
				GCC_C_LANGUAGE_STANDARD = gnu99;
				GCC_NO_COMMON_BLOCKS = YES;
				GCC_WARN_64_TO_32_BIT_CONVERSION = YES;
				GCC_WARN_ABOUT_RETURN_TYPE = YES_ERROR;
				GCC_WARN_UNDECLARED_SELECTOR = YES;
				GCC_WARN_UNINITIALIZED_AUTOS = YES_AGGRESSIVE;
				GCC_WARN_UNUSED_FUNCTION = YES;
				GCC_WARN_UNUSED_VARIABLE = YES;
				IPHONEOS_DEPLOYMENT_TARGET = 8.3;
				MTL_ENABLE_DEBUG_INFO = NO;
				SDKROOT = iphoneos;
				TARGETED_DEVICE_FAMILY = "1,2";
				VALIDATE_PRODUCT = YES;
			};
			name = Release;
		};
		3957CEB91AC74DFC008AEBE2 /* Debug */ = {
			isa = XCBuildConfiguration;
			buildSettings = {
				ASSETCATALOG_COMPILER_APPICON_NAME = AppIcon;
				CODE_SIGN_IDENTITY = "iPhone Developer";
				INFOPLIST_FILE = TripHistory/Info.plist;
				LD_RUNPATH_SEARCH_PATHS = "$(inherited) @executable_path/Frameworks";
				PRODUCT_NAME = "$(TARGET_NAME)";
			};
			name = Debug;
		};
		3957CEBA1AC74DFC008AEBE2 /* Release */ = {
			isa = XCBuildConfiguration;
			buildSettings = {
				ASSETCATALOG_COMPILER_APPICON_NAME = AppIcon;
				CODE_SIGN_IDENTITY = "iPhone Developer";
				INFOPLIST_FILE = TripHistory/Info.plist;
				LD_RUNPATH_SEARCH_PATHS = "$(inherited) @executable_path/Frameworks";
				PRODUCT_NAME = "$(TARGET_NAME)";
			};
			name = Release;
		};
		3957CEBC1AC74DFC008AEBE2 /* Debug */ = {
			isa = XCBuildConfiguration;
			buildSettings = {
				BUNDLE_LOADER = "$(TEST_HOST)";
				FRAMEWORK_SEARCH_PATHS = (
					"$(SDKROOT)/Developer/Library/Frameworks",
					"$(inherited)",
				);
				GCC_PREPROCESSOR_DEFINITIONS = (
					"DEBUG=1",
					"$(inherited)",
				);
				INFOPLIST_FILE = TripHistoryTests/Info.plist;
				LD_RUNPATH_SEARCH_PATHS = "$(inherited) @executable_path/Frameworks @loader_path/Frameworks";
				PRODUCT_NAME = "$(TARGET_NAME)";
				TEST_HOST = "$(BUILT_PRODUCTS_DIR)/TripHistory.app/TripHistory";
			};
			name = Debug;
		};
		3957CEBD1AC74DFC008AEBE2 /* Release */ = {
			isa = XCBuildConfiguration;
			buildSettings = {
				BUNDLE_LOADER = "$(TEST_HOST)";
				FRAMEWORK_SEARCH_PATHS = (
					"$(SDKROOT)/Developer/Library/Frameworks",
					"$(inherited)",
				);
				INFOPLIST_FILE = TripHistoryTests/Info.plist;
				LD_RUNPATH_SEARCH_PATHS = "$(inherited) @executable_path/Frameworks @loader_path/Frameworks";
				PRODUCT_NAME = "$(TARGET_NAME)";
				TEST_HOST = "$(BUILT_PRODUCTS_DIR)/TripHistory.app/TripHistory";
			};
			name = Release;
		};
/* End XCBuildConfiguration section */

/* Begin XCConfigurationList section */
		3957CE8D1AC74DFC008AEBE2 /* Build configuration list for PBXProject "TripHistory" */ = {
			isa = XCConfigurationList;
			buildConfigurations = (
				3957CEB61AC74DFC008AEBE2 /* Debug */,
				3957CEB71AC74DFC008AEBE2 /* Release */,
			);
			defaultConfigurationIsVisible = 0;
			defaultConfigurationName = Release;
		};
		3957CEB81AC74DFC008AEBE2 /* Build configuration list for PBXNativeTarget "TripHistory" */ = {
			isa = XCConfigurationList;
			buildConfigurations = (
				3957CEB91AC74DFC008AEBE2 /* Debug */,
				3957CEBA1AC74DFC008AEBE2 /* Release */,
			);
			defaultConfigurationIsVisible = 0;
			defaultConfigurationName = Release;
		};
		3957CEBB1AC74DFC008AEBE2 /* Build configuration list for PBXNativeTarget "TripHistoryTests" */ = {
			isa = XCConfigurationList;
			buildConfigurations = (
				3957CEBC1AC74DFC008AEBE2 /* Debug */,
				3957CEBD1AC74DFC008AEBE2 /* Release */,
			);
			defaultConfigurationIsVisible = 0;
			defaultConfigurationName = Release;
		};
/* End XCConfigurationList section */

/* Begin XCVersionGroup section */
		3957CE9C1AC74DFC008AEBE2 /* TripHistory.xcdatamodeld */ = {
			isa = XCVersionGroup;
			children = (
				3957CE9D1AC74DFC008AEBE2 /* TripHistory.xcdatamodel */,
			);
			currentVersion = 3957CE9D1AC74DFC008AEBE2 /* TripHistory.xcdatamodel */;
			path = TripHistory.xcdatamodeld;
			sourceTree = "<group>";
			versionGroupType = wrapper.xcdatamodel;
		};
/* End XCVersionGroup section */
	};
	rootObject = 3957CE8A1AC74DFC008AEBE2 /* Project object */;
}
