// !$*UTF8*$!
{
	archiveVersion = 1;
	classes = {
	};
	objectVersion = 46;
	objects = {

/* Begin PBXBuildFile section */
		3957CE5F1AC739E0008AEBE2 /* AppDelegate.swift in Sources */ = {isa = PBXBuildFile; fileRef = 3957CE5E1AC739E0008AEBE2 /* AppDelegate.swift */; };
		3957CE621AC739E0008AEBE2 /* TripHistory.xcdatamodeld in Sources */ = {isa = PBXBuildFile; fileRef = 3957CE601AC739E0008AEBE2 /* TripHistory.xcdatamodeld */; };
		3957CE641AC739E0008AEBE2 /* ViewController.swift in Sources */ = {isa = PBXBuildFile; fileRef = 3957CE631AC739E0008AEBE2 /* ViewController.swift */; };
		3957CE671AC739E0008AEBE2 /* Main.storyboard in Resources */ = {isa = PBXBuildFile; fileRef = 3957CE651AC739E0008AEBE2 /* Main.storyboard */; };
		3957CE691AC739E0008AEBE2 /* Images.xcassets in Resources */ = {isa = PBXBuildFile; fileRef = 3957CE681AC739E0008AEBE2 /* Images.xcassets */; };
		3957CE6C1AC739E0008AEBE2 /* LaunchScreen.xib in Resources */ = {isa = PBXBuildFile; fileRef = 3957CE6A1AC739E0008AEBE2 /* LaunchScreen.xib */; };
		3957CE781AC739E0008AEBE2 /* TripHistoryTests.swift in Sources */ = {isa = PBXBuildFile; fileRef = 3957CE771AC739E0008AEBE2 /* TripHistoryTests.swift */; };
/* End PBXBuildFile section */

/* Begin PBXContainerItemProxy section */
		3957CE721AC739E0008AEBE2 /* PBXContainerItemProxy */ = {
			isa = PBXContainerItemProxy;
			containerPortal = 3957CE511AC739E0008AEBE2 /* Project object */;
			proxyType = 1;
			remoteGlobalIDString = 3957CE581AC739E0008AEBE2;
			remoteInfo = TripHistory;
		};
/* End PBXContainerItemProxy section */

/* Begin PBXFileReference section */
		3957CE591AC739E0008AEBE2 /* TripHistory.app */ = {isa = PBXFileReference; explicitFileType = wrapper.application; includeInIndex = 0; path = TripHistory.app; sourceTree = BUILT_PRODUCTS_DIR; };
		3957CE5D1AC739E0008AEBE2 /* Info.plist */ = {isa = PBXFileReference; lastKnownFileType = text.plist.xml; path = Info.plist; sourceTree = "<group>"; };
		3957CE5E1AC739E0008AEBE2 /* AppDelegate.swift */ = {isa = PBXFileReference; lastKnownFileType = sourcecode.swift; path = AppDelegate.swift; sourceTree = "<group>"; };
		3957CE611AC739E0008AEBE2 /* TripHistory.xcdatamodel */ = {isa = PBXFileReference; lastKnownFileType = wrapper.xcdatamodel; path = TripHistory.xcdatamodel; sourceTree = "<group>"; };
		3957CE631AC739E0008AEBE2 /* ViewController.swift */ = {isa = PBXFileReference; lastKnownFileType = sourcecode.swift; path = ViewController.swift; sourceTree = "<group>"; };
		3957CE661AC739E0008AEBE2 /* Base */ = {isa = PBXFileReference; lastKnownFileType = file.storyboard; name = Base; path = Base.lproj/Main.storyboard; sourceTree = "<group>"; };
		3957CE681AC739E0008AEBE2 /* Images.xcassets */ = {isa = PBXFileReference; lastKnownFileType = folder.assetcatalog; path = Images.xcassets; sourceTree = "<group>"; };
		3957CE6B1AC739E0008AEBE2 /* Base */ = {isa = PBXFileReference; lastKnownFileType = file.xib; name = Base; path = Base.lproj/LaunchScreen.xib; sourceTree = "<group>"; };
		3957CE711AC739E0008AEBE2 /* TripHistoryTests.xctest */ = {isa = PBXFileReference; explicitFileType = wrapper.cfbundle; includeInIndex = 0; path = TripHistoryTests.xctest; sourceTree = BUILT_PRODUCTS_DIR; };
		3957CE761AC739E0008AEBE2 /* Info.plist */ = {isa = PBXFileReference; lastKnownFileType = text.plist.xml; path = Info.plist; sourceTree = "<group>"; };
		3957CE771AC739E0008AEBE2 /* TripHistoryTests.swift */ = {isa = PBXFileReference; lastKnownFileType = sourcecode.swift; path = TripHistoryTests.swift; sourceTree = "<group>"; };
/* End PBXFileReference section */

/* Begin PBXFrameworksBuildPhase section */
		3957CE561AC739E0008AEBE2 /* Frameworks */ = {
			isa = PBXFrameworksBuildPhase;
			buildActionMask = 2147483647;
			files = (
			);
			runOnlyForDeploymentPostprocessing = 0;
		};
		3957CE6E1AC739E0008AEBE2 /* Frameworks */ = {
			isa = PBXFrameworksBuildPhase;
			buildActionMask = 2147483647;
			files = (
			);
			runOnlyForDeploymentPostprocessing = 0;
		};
/* End PBXFrameworksBuildPhase section */

/* Begin PBXGroup section */
		3957CE501AC739E0008AEBE2 = {
			isa = PBXGroup;
			children = (
				3957CE5B1AC739E0008AEBE2 /* TripHistory */,
				3957CE741AC739E0008AEBE2 /* TripHistoryTests */,
				3957CE5A1AC739E0008AEBE2 /* Products */,
			);
			sourceTree = "<group>";
		};
		3957CE5A1AC739E0008AEBE2 /* Products */ = {
			isa = PBXGroup;
			children = (
				3957CE591AC739E0008AEBE2 /* TripHistory.app */,
				3957CE711AC739E0008AEBE2 /* TripHistoryTests.xctest */,
			);
			name = Products;
			sourceTree = "<group>";
		};
		3957CE5B1AC739E0008AEBE2 /* TripHistory */ = {
			isa = PBXGroup;
			children = (
				3957CE5E1AC739E0008AEBE2 /* AppDelegate.swift */,
				3957CE631AC739E0008AEBE2 /* ViewController.swift */,
				3957CE651AC739E0008AEBE2 /* Main.storyboard */,
				3957CE681AC739E0008AEBE2 /* Images.xcassets */,
				3957CE6A1AC739E0008AEBE2 /* LaunchScreen.xib */,
				3957CE601AC739E0008AEBE2 /* TripHistory.xcdatamodeld */,
				3957CE5C1AC739E0008AEBE2 /* Supporting Files */,
			);
			path = TripHistory;
			sourceTree = "<group>";
		};
		3957CE5C1AC739E0008AEBE2 /* Supporting Files */ = {
			isa = PBXGroup;
			children = (
				3957CE5D1AC739E0008AEBE2 /* Info.plist */,
			);
			name = "Supporting Files";
			sourceTree = "<group>";
		};
		3957CE741AC739E0008AEBE2 /* TripHistoryTests */ = {
			isa = PBXGroup;
			children = (
				3957CE771AC739E0008AEBE2 /* TripHistoryTests.swift */,
				3957CE751AC739E0008AEBE2 /* Supporting Files */,
			);
			path = TripHistoryTests;
			sourceTree = "<group>";
		};
		3957CE751AC739E0008AEBE2 /* Supporting Files */ = {
			isa = PBXGroup;
			children = (
				3957CE761AC739E0008AEBE2 /* Info.plist */,
			);
			name = "Supporting Files";
			sourceTree = "<group>";
		};
/* End PBXGroup section */

/* Begin PBXNativeTarget section */
		3957CE581AC739E0008AEBE2 /* TripHistory */ = {
			isa = PBXNativeTarget;
			buildConfigurationList = 3957CE7B1AC739E0008AEBE2 /* Build configuration list for PBXNativeTarget "TripHistory" */;
			buildPhases = (
				3957CE551AC739E0008AEBE2 /* Sources */,
				3957CE561AC739E0008AEBE2 /* Frameworks */,
				3957CE571AC739E0008AEBE2 /* Resources */,
			);
			buildRules = (
			);
			dependencies = (
			);
			name = TripHistory;
			productName = TripHistory;
			productReference = 3957CE591AC739E0008AEBE2 /* TripHistory.app */;
			productType = "com.apple.product-type.application";
		};
		3957CE701AC739E0008AEBE2 /* TripHistoryTests */ = {
			isa = PBXNativeTarget;
			buildConfigurationList = 3957CE7E1AC739E0008AEBE2 /* Build configuration list for PBXNativeTarget "TripHistoryTests" */;
			buildPhases = (
				3957CE6D1AC739E0008AEBE2 /* Sources */,
				3957CE6E1AC739E0008AEBE2 /* Frameworks */,
				3957CE6F1AC739E0008AEBE2 /* Resources */,
			);
			buildRules = (
			);
			dependencies = (
				3957CE731AC739E0008AEBE2 /* PBXTargetDependency */,
			);
			name = TripHistoryTests;
			productName = TripHistoryTests;
			productReference = 3957CE711AC739E0008AEBE2 /* TripHistoryTests.xctest */;
			productType = "com.apple.product-type.bundle.unit-test";
		};
/* End PBXNativeTarget section */

/* Begin PBXProject section */
		3957CE511AC739E0008AEBE2 /* Project object */ = {
			isa = PBXProject;
			attributes = {
				LastUpgradeCheck = 0630;
				ORGANIZATIONNAME = Lyft;
				TargetAttributes = {
					3957CE581AC739E0008AEBE2 = {
						CreatedOnToolsVersion = 6.3;
					};
					3957CE701AC739E0008AEBE2 = {
						CreatedOnToolsVersion = 6.3;
						TestTargetID = 3957CE581AC739E0008AEBE2;
					};
				};
			};
			buildConfigurationList = 3957CE541AC739E0008AEBE2 /* Build configuration list for PBXProject "TripHistory" */;
			compatibilityVersion = "Xcode 3.2";
			developmentRegion = English;
			hasScannedForEncodings = 0;
			knownRegions = (
				en,
				Base,
			);
			mainGroup = 3957CE501AC739E0008AEBE2;
			productRefGroup = 3957CE5A1AC739E0008AEBE2 /* Products */;
			projectDirPath = "";
			projectRoot = "";
			targets = (
				3957CE581AC739E0008AEBE2 /* TripHistory */,
				3957CE701AC739E0008AEBE2 /* TripHistoryTests */,
			);
		};
/* End PBXProject section */

/* Begin PBXResourcesBuildPhase section */
		3957CE571AC739E0008AEBE2 /* Resources */ = {
			isa = PBXResourcesBuildPhase;
			buildActionMask = 2147483647;
			files = (
				3957CE671AC739E0008AEBE2 /* Main.storyboard in Resources */,
				3957CE6C1AC739E0008AEBE2 /* LaunchScreen.xib in Resources */,
				3957CE691AC739E0008AEBE2 /* Images.xcassets in Resources */,
			);
			runOnlyForDeploymentPostprocessing = 0;
		};
		3957CE6F1AC739E0008AEBE2 /* Resources */ = {
			isa = PBXResourcesBuildPhase;
			buildActionMask = 2147483647;
			files = (
			);
			runOnlyForDeploymentPostprocessing = 0;
		};
/* End PBXResourcesBuildPhase section */

/* Begin PBXSourcesBuildPhase section */
		3957CE551AC739E0008AEBE2 /* Sources */ = {
			isa = PBXSourcesBuildPhase;
			buildActionMask = 2147483647;
			files = (
				3957CE641AC739E0008AEBE2 /* ViewController.swift in Sources */,
				3957CE5F1AC739E0008AEBE2 /* AppDelegate.swift in Sources */,
				3957CE621AC739E0008AEBE2 /* TripHistory.xcdatamodeld in Sources */,
			);
			runOnlyForDeploymentPostprocessing = 0;
		};
		3957CE6D1AC739E0008AEBE2 /* Sources */ = {
			isa = PBXSourcesBuildPhase;
			buildActionMask = 2147483647;
			files = (
				3957CE781AC739E0008AEBE2 /* TripHistoryTests.swift in Sources */,
			);
			runOnlyForDeploymentPostprocessing = 0;
		};
/* End PBXSourcesBuildPhase section */

/* Begin PBXTargetDependency section */
		3957CE731AC739E0008AEBE2 /* PBXTargetDependency */ = {
			isa = PBXTargetDependency;
			target = 3957CE581AC739E0008AEBE2 /* TripHistory */;
			targetProxy = 3957CE721AC739E0008AEBE2 /* PBXContainerItemProxy */;
		};
/* End PBXTargetDependency section */

/* Begin PBXVariantGroup section */
		3957CE651AC739E0008AEBE2 /* Main.storyboard */ = {
			isa = PBXVariantGroup;
			children = (
				3957CE661AC739E0008AEBE2 /* Base */,
			);
			name = Main.storyboard;
			sourceTree = "<group>";
		};
		3957CE6A1AC739E0008AEBE2 /* LaunchScreen.xib */ = {
			isa = PBXVariantGroup;
			children = (
				3957CE6B1AC739E0008AEBE2 /* Base */,
			);
			name = LaunchScreen.xib;
			sourceTree = "<group>";
		};
/* End PBXVariantGroup section */

/* Begin XCBuildConfiguration section */
		3957CE791AC739E0008AEBE2 /* Debug */ = {
			isa = XCBuildConfiguration;
			buildSettings = {
				ALWAYS_SEARCH_USER_PATHS = NO;
				CLANG_CXX_LANGUAGE_STANDARD = "gnu++0x";
				CLANG_CXX_LIBRARY = "libc++";
				CLANG_ENABLE_MODULES = YES;
				CLANG_ENABLE_OBJC_ARC = YES;
				CLANG_WARN_BOOL_CONVERSION = YES;
				CLANG_WARN_CONSTANT_CONVERSION = YES;
				CLANG_WARN_DIRECT_OBJC_ISA_USAGE = YES_ERROR;
				CLANG_WARN_EMPTY_BODY = YES;
				CLANG_WARN_ENUM_CONVERSION = YES;
				CLANG_WARN_INT_CONVERSION = YES;
				CLANG_WARN_OBJC_ROOT_CLASS = YES_ERROR;
				CLANG_WARN_UNREACHABLE_CODE = YES;
				CLANG_WARN__DUPLICATE_METHOD_MATCH = YES;
				"CODE_SIGN_IDENTITY[sdk=iphoneos*]" = "iPhone Developer";
				COPY_PHASE_STRIP = NO;
				DEBUG_INFORMATION_FORMAT = "dwarf-with-dsym";
				ENABLE_STRICT_OBJC_MSGSEND = YES;
				GCC_C_LANGUAGE_STANDARD = gnu99;
				GCC_DYNAMIC_NO_PIC = NO;
				GCC_NO_COMMON_BLOCKS = YES;
				GCC_OPTIMIZATION_LEVEL = 0;
				GCC_PREPROCESSOR_DEFINITIONS = (
					"DEBUG=1",
					"$(inherited)",
				);
				GCC_SYMBOLS_PRIVATE_EXTERN = NO;
				GCC_WARN_64_TO_32_BIT_CONVERSION = YES;
				GCC_WARN_ABOUT_RETURN_TYPE = YES_ERROR;
				GCC_WARN_UNDECLARED_SELECTOR = YES;
				GCC_WARN_UNINITIALIZED_AUTOS = YES_AGGRESSIVE;
				GCC_WARN_UNUSED_FUNCTION = YES;
				GCC_WARN_UNUSED_VARIABLE = YES;
				IPHONEOS_DEPLOYMENT_TARGET = 8.3;
				MTL_ENABLE_DEBUG_INFO = YES;
				ONLY_ACTIVE_ARCH = YES;
				SDKROOT = iphoneos;
				SWIFT_OPTIMIZATION_LEVEL = "-Onone";
				TARGETED_DEVICE_FAMILY = "1,2";
			};
			name = Debug;
		};
		3957CE7A1AC739E0008AEBE2 /* Release */ = {
			isa = XCBuildConfiguration;
			buildSettings = {
				ALWAYS_SEARCH_USER_PATHS = NO;
				CLANG_CXX_LANGUAGE_STANDARD = "gnu++0x";
				CLANG_CXX_LIBRARY = "libc++";
				CLANG_ENABLE_MODULES = YES;
				CLANG_ENABLE_OBJC_ARC = YES;
				CLANG_WARN_BOOL_CONVERSION = YES;
				CLANG_WARN_CONSTANT_CONVERSION = YES;
				CLANG_WARN_DIRECT_OBJC_ISA_USAGE = YES_ERROR;
				CLANG_WARN_EMPTY_BODY = YES;
				CLANG_WARN_ENUM_CONVERSION = YES;
				CLANG_WARN_INT_CONVERSION = YES;
				CLANG_WARN_OBJC_ROOT_CLASS = YES_ERROR;
				CLANG_WARN_UNREACHABLE_CODE = YES;
				CLANG_WARN__DUPLICATE_METHOD_MATCH = YES;
				"CODE_SIGN_IDENTITY[sdk=iphoneos*]" = "iPhone Developer";
				COPY_PHASE_STRIP = NO;
				DEBUG_INFORMATION_FORMAT = "dwarf-with-dsym";
				ENABLE_NS_ASSERTIONS = NO;
				ENABLE_STRICT_OBJC_MSGSEND = YES;
				GCC_C_LANGUAGE_STANDARD = gnu99;
				GCC_NO_COMMON_BLOCKS = YES;
				GCC_WARN_64_TO_32_BIT_CONVERSION = YES;
				GCC_WARN_ABOUT_RETURN_TYPE = YES_ERROR;
				GCC_WARN_UNDECLARED_SELECTOR = YES;
				GCC_WARN_UNINITIALIZED_AUTOS = YES_AGGRESSIVE;
				GCC_WARN_UNUSED_FUNCTION = YES;
				GCC_WARN_UNUSED_VARIABLE = YES;
				IPHONEOS_DEPLOYMENT_TARGET = 8.3;
				MTL_ENABLE_DEBUG_INFO = NO;
				SDKROOT = iphoneos;
				TARGETED_DEVICE_FAMILY = "1,2";
				VALIDATE_PRODUCT = YES;
			};
			name = Release;
		};
		3957CE7C1AC739E0008AEBE2 /* Debug */ = {
			isa = XCBuildConfiguration;
			buildSettings = {
				ASSETCATALOG_COMPILER_APPICON_NAME = AppIcon;
				INFOPLIST_FILE = TripHistory/Info.plist;
				LD_RUNPATH_SEARCH_PATHS = "$(inherited) @executable_path/Frameworks";
				PRODUCT_NAME = "$(TARGET_NAME)";
			};
			name = Debug;
		};
		3957CE7D1AC739E0008AEBE2 /* Release */ = {
			isa = XCBuildConfiguration;
			buildSettings = {
				ASSETCATALOG_COMPILER_APPICON_NAME = AppIcon;
				INFOPLIST_FILE = TripHistory/Info.plist;
				LD_RUNPATH_SEARCH_PATHS = "$(inherited) @executable_path/Frameworks";
				PRODUCT_NAME = "$(TARGET_NAME)";
			};
			name = Release;
		};
		3957CE7F1AC739E0008AEBE2 /* Debug */ = {
			isa = XCBuildConfiguration;
			buildSettings = {
				BUNDLE_LOADER = "$(TEST_HOST)";
				FRAMEWORK_SEARCH_PATHS = (
					"$(SDKROOT)/Developer/Library/Frameworks",
					"$(inherited)",
				);
				GCC_PREPROCESSOR_DEFINITIONS = (
					"DEBUG=1",
					"$(inherited)",
				);
				INFOPLIST_FILE = TripHistoryTests/Info.plist;
				LD_RUNPATH_SEARCH_PATHS = "$(inherited) @executable_path/Frameworks @loader_path/Frameworks";
				PRODUCT_NAME = "$(TARGET_NAME)";
				TEST_HOST = "$(BUILT_PRODUCTS_DIR)/TripHistory.app/TripHistory";
			};
			name = Debug;
		};
		3957CE801AC739E0008AEBE2 /* Release */ = {
			isa = XCBuildConfiguration;
			buildSettings = {
				BUNDLE_LOADER = "$(TEST_HOST)";
				FRAMEWORK_SEARCH_PATHS = (
					"$(SDKROOT)/Developer/Library/Frameworks",
					"$(inherited)",
				);
				INFOPLIST_FILE = TripHistoryTests/Info.plist;
				LD_RUNPATH_SEARCH_PATHS = "$(inherited) @executable_path/Frameworks @loader_path/Frameworks";
				PRODUCT_NAME = "$(TARGET_NAME)";
				TEST_HOST = "$(BUILT_PRODUCTS_DIR)/TripHistory.app/TripHistory";
			};
			name = Release;
		};
/* End XCBuildConfiguration section */

/* Begin XCConfigurationList section */
		3957CE541AC739E0008AEBE2 /* Build configuration list for PBXProject "TripHistory" */ = {
			isa = XCConfigurationList;
			buildConfigurations = (
				3957CE791AC739E0008AEBE2 /* Debug */,
				3957CE7A1AC739E0008AEBE2 /* Release */,
			);
			defaultConfigurationIsVisible = 0;
			defaultConfigurationName = Release;
		};
		3957CE7B1AC739E0008AEBE2 /* Build configuration list for PBXNativeTarget "TripHistory" */ = {
			isa = XCConfigurationList;
			buildConfigurations = (
				3957CE7C1AC739E0008AEBE2 /* Debug */,
				3957CE7D1AC739E0008AEBE2 /* Release */,
			);
			defaultConfigurationIsVisible = 0;
		};
		3957CE7E1AC739E0008AEBE2 /* Build configuration list for PBXNativeTarget "TripHistoryTests" */ = {
			isa = XCConfigurationList;
			buildConfigurations = (
				3957CE7F1AC739E0008AEBE2 /* Debug */,
				3957CE801AC739E0008AEBE2 /* Release */,
			);
			defaultConfigurationIsVisible = 0;
		};
/* End XCConfigurationList section */

/* Begin XCVersionGroup section */
		3957CE601AC739E0008AEBE2 /* TripHistory.xcdatamodeld */ = {
			isa = XCVersionGroup;
			children = (
				3957CE611AC739E0008AEBE2 /* TripHistory.xcdatamodel */,
			);
			currentVersion = 3957CE611AC739E0008AEBE2 /* TripHistory.xcdatamodel */;
			path = TripHistory.xcdatamodeld;
			sourceTree = "<group>";
			versionGroupType = wrapper.xcdatamodel;
		};
/* End XCVersionGroup section */
	};
	rootObject = 3957CE511AC739E0008AEBE2 /* Project object */;
}
